
Microsoft Visual Studio Solution File, Format Version 12.00
Project("{FAE04EC0-301F-11D3-BF4B-00C04F79EFBC}") = "ETWDotNet", "ETWDotNet\ETWDotNet.csproj", "{DE4D8966-2AB6-4AF5-B67E-864E594A51C3}"
EndProject
Project("{FAE04EC0-301F-11D3-BF4B-00C04F79EFBC}") = "EtwDotNet_net471", "EtwDotNet_net471\EtwDotNet_net471.csproj", "{DA62F393-A078-40D9-B866-FC5F31DDCDBF}"
EndProject
Global
	GlobalSection(SolutionConfigurationPlatforms) = preSolution
		Debug|Any CPU = Debug|Any CPU
		Release|Any CPU = Release|Any CPU
	EndGlobalSection
	GlobalSection(ProjectConfigurationPlatforms) = postSolution
		{DE4D8966-2AB6-4AF5-B67E-864E594A51C3}.Debug|Any CPU.ActiveCfg = Debug|Any CPU
		{DE4D8966-2AB6-4AF5-B67E-864E594A51C3}.Debug|Any CPU.Build.0 = Debug|Any CPU
		{DE4D8966-2AB6-4AF5-B67E-864E594A51C3}.Release|Any CPU.ActiveCfg = Release|Any CPU
		{DE4D8966-2AB6-4AF5-B67E-864E594A51C3}.Release|Any CPU.Build.0 = Release|Any CPU
		{DA62F393-A078-40D9-B866-FC5F31DDCDBF}.Debug|Any CPU.ActiveCfg = Debug|Any CPU
		{DA62F393-A078-40D9-B866-FC5F31DDCDBF}.Debug|Any CPU.Build.0 = Debug|Any CPU
		{DA62F393-A078-40D9-B866-FC5F31DDCDBF}.Release|Any CPU.ActiveCfg = Release|Any CPU
		{DA62F393-A078-40D9-B866-FC5F31DDCDBF}.Release|Any CPU.Build.0 = Release|Any CPU
	EndGlobalSection
EndGlobal
